
Microsoft Visual Studio Solution File, Format Version 12.00
# Visual Studio Version 17
VisualStudioVersion = 17.14.37516.0 d17.14
MinimumVisualStudioVersion = 10.0.40219.1
Project("{FAE04EC0-301F-11D3-BF4B-00C04F79EFBC}") = "Tutorial_2_2", "Tutorial_2_2\Tutorial_2_2.csproj", "{60961405-D9A3-42A8-A374-362F93A0A5CA}"
EndProject
Global
	GlobalSection(SolutionConfigurationPlatforms) = preSolution
		Debug|Any CPU = Debug|Any CPU
		Release|Any CPU = Release|Any CPU
	EndGlobalSection
	GlobalSection(ProjectConfigurationPlatforms) = postSolution
		{60961405-D9A3-42A8-A374-362F93A0A5CA}.Debug|Any CPU.ActiveCfg = Debug|Any CPU
		{60961405-D9A3-42A8-A374-362F93A0A5CA}.Debug|Any CPU.Build.0 = Debug|Any CPU
		{60961405-D9A3-42A8-A374-362F93A0A5CA}.Release|Any CPU.ActiveCfg = Release|Any CPU
		{60961405-D9A3-42A8-A374-362F93A0A5CA}.Release|Any CPU.Build.0 = Release|Any CPU
	EndGlobalSection
	GlobalSection(SolutionProperties) = preSolution
		HideSolutionNode = FALSE
	EndGlobalSection
	GlobalSection(ExtensibilityGlobals) = postSolution
		SolutionGuid = {3CD617A5-AFE5-436D-A3F9-7EAD7D2FA1AE}
	EndGlobalSection
EndGlobal
